
Microsoft Visual Studio Solution File, Format Version 12.00
# Visual Studio Version 16
VisualStudioVersion = 16.0.30225.117
MinimumVisualStudioVersion = 10.0.40219.1
Project("{2150E333-8FDC-42A3-9474-1A3956D46DE8}") = "src", "src", "{1C3989EC-0417-4C5D-9819-956F5D0843A8}"
EndProject
Project("{2150E333-8FDC-42A3-9474-1A3956D46DE8}") = "Catalog", "Catalog", "{7BED5EFD-39A0-4877-BC09-07819FAFF430}"
EndProject
Project("{9A19103F-16F7-4668-BE54-9A1E7A4F7556}") = "Catalog.API", "src\Catalog\Catalog.API\Catalog.API.csproj", "{82D030E4-A342-494E-802F-99BAAAB10438}"
EndProject
Project("{E53339B2-1760-4266-BCC7-CA923CBCF16C}") = "docker-compose", "docker-compose.dcproj", "{8E540DAA-7564-4C03-AB91-87C6C9D449DF}"
EndProject
Project("{2150E333-8FDC-42A3-9474-1A3956D46DE8}") = "Basket", "Basket", "{B7FEE81A-749E-445E-88CB-CE85165738EB}"
EndProject
Project("{9A19103F-16F7-4668-BE54-9A1E7A4F7556}") = "Basket.API", "src\Basket\Basket.API\Basket.API.csproj", "{B17D577D-EC52-4652-8E54-F691CBADF84F}"
EndProject
Project("{2150E333-8FDC-42A3-9474-1A3956D46DE8}") = "Common", "Common", "{EB873513-F8AE-4B7A-B4A1-5CCA108F88D0}"
EndProject
Project("{9A19103F-16F7-4668-BE54-9A1E7A4F7556}") = "EventBusRabbitMQ", "src\Common\EventBusRabbitMQ\EventBusRabbitMQ.csproj", "{B8EF5FF0-86AB-4A18-BC9A-EE6933141734}"
EndProject
Project("{2150E333-8FDC-42A3-9474-1A3956D46DE8}") = "Ordering", "Ordering", "{E7DB6EC5-B589-4CE7-96EF-D25AA0334B51}"
EndProject
Project("{9A19103F-16F7-4668-BE54-9A1E7A4F7556}") = "Ordering.API", "src\Ordering\Ordering.API\Ordering.API.csproj", "{167AC5C3-613C-4C4C-B89B-1FAC54D1F636}"
EndProject
Project("{9A19103F-16F7-4668-BE54-9A1E7A4F7556}") = "Ordering.Core", "src\Ordering\Ordering.Core\Ordering.Core.csproj", "{ABD37267-C04C-4FFD-88AE-2FA15C08801A}"
EndProject
Project("{9A19103F-16F7-4668-BE54-9A1E7A4F7556}") = "Ordering.Infrastructure", "src\Ordering\Ordering.Infrastructure\Ordering.Infrastructure.csproj", "{BDF5B403-AE16-45E3-BC62-83245C2ADF97}"
EndProject
Project("{9A19103F-16F7-4668-BE54-9A1E7A4F7556}") = "Ordering.Application", "src\Ordering\Ordering.Application\Ordering.Application.csproj", "{DF2F06A5-215A-44F4-B94A-9E240D8E4EDA}"
EndProject
Project("{2150E333-8FDC-42A3-9474-1A3956D46DE8}") = "ApiGateway", "ApiGateway", "{A4CE9507-A9D6-4A66-A54A-2A080AE0BAFA}"
EndProject
Project("{FAE04EC0-301F-11D3-BF4B-00C04F79EFBC}") = "OcelotAPIGateway", "src\ApiGateway\OcelotAPIGateway\OcelotAPIGateway.csproj", "{16B8FBE4-F19A-4519-954D-77559B493C9F}"
EndProject
Global
	GlobalSection(SolutionConfigurationPlatforms) = preSolution
		Debug|Any CPU = Debug|Any CPU
		Release|Any CPU = Release|Any CPU
	EndGlobalSection
	GlobalSection(ProjectConfigurationPlatforms) = postSolution
		{82D030E4-A342-494E-802F-99BAAAB10438}.Debug|Any CPU.ActiveCfg = Debug|Any CPU
		{82D030E4-A342-494E-802F-99BAAAB10438}.Debug|Any CPU.Build.0 = Debug|Any CPU
		{82D030E4-A342-494E-802F-99BAAAB10438}.Release|Any CPU.ActiveCfg = Release|Any CPU
		{82D030E4-A342-494E-802F-99BAAAB10438}.Release|Any CPU.Build.0 = Release|Any CPU
		{8E540DAA-7564-4C03-AB91-87C6C9D449DF}.Debug|Any CPU.ActiveCfg = Debug|Any CPU
		{8E540DAA-7564-4C03-AB91-87C6C9D449DF}.Debug|Any CPU.Build.0 = Debug|Any CPU
		{8E540DAA-7564-4C03-AB91-87C6C9D449DF}.Release|Any CPU.ActiveCfg = Release|Any CPU
		{8E540DAA-7564-4C03-AB91-87C6C9D449DF}.Release|Any CPU.Build.0 = Release|Any CPU
		{B17D577D-EC52-4652-8E54-F691CBADF84F}.Debug|Any CPU.ActiveCfg = Debug|Any CPU
		{B17D577D-EC52-4652-8E54-F691CBADF84F}.Debug|Any CPU.Build.0 = Debug|Any CPU
		{B17D577D-EC52-4652-8E54-F691CBADF84F}.Release|Any CPU.ActiveCfg = Release|Any CPU
		{B17D577D-EC52-4652-8E54-F691CBADF84F}.Release|Any CPU.Build.0 = Release|Any CPU
		{B8EF5FF0-86AB-4A18-BC9A-EE6933141734}.Debug|Any CPU.ActiveCfg = Debug|Any CPU
		{B8EF5FF0-86AB-4A18-BC9A-EE6933141734}.Debug|Any CPU.Build.0 = Debug|Any CPU
		{B8EF5FF0-86AB-4A18-BC9A-EE6933141734}.Release|Any CPU.ActiveCfg = Release|Any CPU
		{B8EF5FF0-86AB-4A18-BC9A-EE6933141734}.Release|Any CPU.Build.0 = Release|Any CPU
		{167AC5C3-613C-4C4C-B89B-1FAC54D1F636}.Debug|Any CPU.ActiveCfg = Debug|Any CPU
		{167AC5C3-613C-4C4C-B89B-1FAC54D1F636}.Debug|Any CPU.Build.0 = Debug|Any CPU
		{167AC5C3-613C-4C4C-B89B-1FAC54D1F636}.Release|Any CPU.ActiveCfg = Release|Any CPU
		{167AC5C3-613C-4C4C-B89B-1FAC54D1F636}.Release|Any CPU.Build.0 = Release|Any CPU
		{ABD37267-C04C-4FFD-88AE-2FA15C08801A}.Debug|Any CPU.ActiveCfg = Debug|Any CPU
		{ABD37267-C04C-4FFD-88AE-2FA15C08801A}.Debug|Any CPU.Build.0 = Debug|Any CPU
		{ABD37267-C04C-4FFD-88AE-2FA15C08801A}.Release|Any CPU.ActiveCfg = Release|Any CPU
		{ABD37267-C04C-4FFD-88AE-2FA15C08801A}.Release|Any CPU.Build.0 = Release|Any CPU
		{BDF5B403-AE16-45E3-BC62-83245C2ADF97}.Debug|Any CPU.ActiveCfg = Debug|Any CPU
		{BDF5B403-AE16-45E3-BC62-83245C2ADF97}.Debug|Any CPU.Build.0 = Debug|Any CPU
		{BDF5B403-AE16-45E3-BC62-83245C2ADF97}.Release|Any CPU.ActiveCfg = Release|Any CPU
		{BDF5B403-AE16-45E3-BC62-83245C2ADF97}.Release|Any CPU.Build.0 = Release|Any CPU
		{DF2F06A5-215A-44F4-B94A-9E240D8E4EDA}.Debug|Any CPU.ActiveCfg = Debug|Any CPU
		{DF2F06A5-215A-44F4-B94A-9E240D8E4EDA}.Debug|Any CPU.Build.0 = Debug|Any CPU
		{DF2F06A5-215A-44F4-B94A-9E240D8E4EDA}.Release|Any CPU.ActiveCfg = Release|Any CPU
		{DF2F06A5-215A-44F4-B94A-9E240D8E4EDA}.Release|Any CPU.Build.0 = Release|Any CPU
		{16B8FBE4-F19A-4519-954D-77559B493C9F}.Debug|Any CPU.ActiveCfg = Debug|Any CPU
		{16B8FBE4-F19A-4519-954D-77559B493C9F}.Debug|Any CPU.Build.0 = Debug|Any CPU
		{16B8FBE4-F19A-4519-954D-77559B493C9F}.Release|Any CPU.ActiveCfg = Release|Any CPU
		{16B8FBE4-F19A-4519-954D-77559B493C9F}.Release|Any CPU.Build.0 = Release|Any CPU
	EndGlobalSection
	GlobalSection(SolutionProperties) = preSolution
		HideSolutionNode = FALSE
	EndGlobalSection
	GlobalSection(NestedProjects) = preSolution
		{7BED5EFD-39A0-4877-BC09-07819FAFF430} = {1C3989EC-0417-4C5D-9819-956F5D0843A8}
		{82D030E4-A342-494E-802F-99BAAAB10438} = {7BED5EFD-39A0-4877-BC09-07819FAFF430}
		{B7FEE81A-749E-445E-88CB-CE85165738EB} = {1C3989EC-0417-4C5D-9819-956F5D0843A8}
		{B17D577D-EC52-4652-8E54-F691CBADF84F} = {B7FEE81A-749E-445E-88CB-CE85165738EB}
		{EB873513-F8AE-4B7A-B4A1-5CCA108F88D0} = {1C3989EC-0417-4C5D-9819-956F5D0843A8}
		{B8EF5FF0-86AB-4A18-BC9A-EE6933141734} = {EB873513-F8AE-4B7A-B4A1-5CCA108F88D0}
		{E7DB6EC5-B589-4CE7-96EF-D25AA0334B51} = {1C3989EC-0417-4C5D-9819-956F5D0843A8}
		{167AC5C3-613C-4C4C-B89B-1FAC54D1F636} = {E7DB6EC5-B589-4CE7-96EF-D25AA0334B51}
		{ABD37267-C04C-4FFD-88AE-2FA15C08801A} = {E7DB6EC5-B589-4CE7-96EF-D25AA0334B51}
		{BDF5B403-AE16-45E3-BC62-83245C2ADF97} = {E7DB6EC5-B589-4CE7-96EF-D25AA0334B51}
		{DF2F06A5-215A-44F4-B94A-9E240D8E4EDA} = {E7DB6EC5-B589-4CE7-96EF-D25AA0334B51}
		{A4CE9507-A9D6-4A66-A54A-2A080AE0BAFA} = {1C3989EC-0417-4C5D-9819-956F5D0843A8}
		{16B8FBE4-F19A-4519-954D-77559B493C9F} = {A4CE9507-A9D6-4A66-A54A-2A080AE0BAFA}
	EndGlobalSection
	GlobalSection(ExtensibilityGlobals) = postSolution
		SolutionGuid = {FDF221E2-2A22-4CAA-A9E6-DE794638F35E}
	EndGlobalSection
EndGlobal
